
Microsoft Visual Studio Solution File, Format Version 12.00
Project("{FAE04EC0-301F-11D3-BF4B-00C04F79EFBC}") = "CommandService", "CommandService\CommandService.csproj", "{C833F4C8-E5DB-4965-9930-05CDA71898F0}"
EndProject
Project("{FAE04EC0-301F-11D3-BF4B-00C04F79EFBC}") = "PlatformService", "PlatformService\PlatformService.csproj", "{CA0455A2-52A5-4835-AA79-6142D983487B}"
EndProject
Project("{FAE04EC0-301F-11D3-BF4B-00C04F79EFBC}") = "BackGroundWorker", "BackGroundWorker\BackGroundWorker.csproj", "{094B5A26-65A5-41C0-938B-34802C97A648}"
EndProject
Global
	GlobalSection(SolutionConfigurationPlatforms) = preSolution
		Debug|Any CPU = Debug|Any CPU
		Release|Any CPU = Release|Any CPU
	EndGlobalSection
	GlobalSection(ProjectConfigurationPlatforms) = postSolution
		{C833F4C8-E5DB-4965-9930-05CDA71898F0}.Debug|Any CPU.ActiveCfg = Debug|Any CPU
		{C833F4C8-E5DB-4965-9930-05CDA71898F0}.Debug|Any CPU.Build.0 = Debug|Any CPU
		{C833F4C8-E5DB-4965-9930-05CDA71898F0}.Release|Any CPU.ActiveCfg = Release|Any CPU
		{C833F4C8-E5DB-4965-9930-05CDA71898F0}.Release|Any CPU.Build.0 = Release|Any CPU
		{CA0455A2-52A5-4835-AA79-6142D983487B}.Debug|Any CPU.ActiveCfg = Debug|Any CPU
		{CA0455A2-52A5-4835-AA79-6142D983487B}.Debug|Any CPU.Build.0 = Debug|Any CPU
		{CA0455A2-52A5-4835-AA79-6142D983487B}.Release|Any CPU.ActiveCfg = Release|Any CPU
		{CA0455A2-52A5-4835-AA79-6142D983487B}.Release|Any CPU.Build.0 = Release|Any CPU
		{094B5A26-65A5-41C0-938B-34802C97A648}.Debug|Any CPU.ActiveCfg = Debug|Any CPU
		{094B5A26-65A5-41C0-938B-34802C97A648}.Debug|Any CPU.Build.0 = Debug|Any CPU
		{094B5A26-65A5-41C0-938B-34802C97A648}.Release|Any CPU.ActiveCfg = Release|Any CPU
		{094B5A26-65A5-41C0-938B-34802C97A648}.Release|Any CPU.Build.0 = Release|Any CPU
	EndGlobalSection
EndGlobal
